// !$*UTF8*$!
{
	archiveVersion = 1;
	classes = {
	};
	objectVersion = 77;
	objects = {

/* Begin PBXBuildFile section */
		96EA45E92E9DAB3700CAB0BB /* main.c in Sources */ = {isa = PBXBuildFile; fileRef = 96EA45E72E9DAB3700CAB0BB /* main.c */; };
		96EA45EC2E9DABFA00CAB0BB /* libIslandJSON.dylib in Frameworks */ = {isa = PBXBuildFile; fileRef = 96EA45CE2E9D9D2800CAB0BB /* libIslandJSON.dylib */; };
		96EA45EF2E9DAD9200CAB0BB /* libIslandJSON.dylib in Embed Libraries */ = {isa = PBXBuildFile; fileRef = 96EA45CE2E9D9D2800CAB0BB /* libIslandJSON.dylib */; settings = {ATTRIBUTES = (CodeSignOnCopy, ); }; };
		96EA45F12E9DAE2B00CAB0BB /* json.c in Sources */ = {isa = PBXBuildFile; fileRef = 96EA45D82E9DA74900CAB0BB /* json.c */; };
		96EA45F22E9DAE3700CAB0BB /* json.h in Headers */ = {isa = PBXBuildFile; fileRef = 96EA45D72E9D9F3800CAB0BB /* json.h */; settings = {ATTRIBUTES = (Public, ); }; };
		96EA45F42E9DB22E00CAB0BB /* ustring.h in Headers */ = {isa = PBXBuildFile; fileRef = 96EA45F32E9DB22A00CAB0BB /* ustring.h */; };
		96EA45F62E9DB2FB00CAB0BB /* ustring.c in Sources */ = {isa = PBXBuildFile; fileRef = 96EA45F52E9DB2F600CAB0BB /* ustring.c */; };
		96EA45F82E9DB31300CAB0BB /* escape.c in Sources */ = {isa = PBXBuildFile; fileRef = 96EA45F72E9DB31300CAB0BB /* escape.c */; };
		96EA45FA2E9DB32700CAB0BB /* decode.c in Sources */ = {isa = PBXBuildFile; fileRef = 96EA45F92E9DB32700CAB0BB /* decode.c */; };
		96EA45FC2E9DB34A00CAB0BB /* printing.c in Sources */ = {isa = PBXBuildFile; fileRef = 96EA45FB2E9DB34A00CAB0BB /* printing.c */; };
		96EA45FD2E9DB4F600CAB0BB /* internal.h in Headers */ = {isa = PBXBuildFile; fileRef = 96EA45D92E9DA78300CAB0BB /* internal.h */; };
		96EA46002E9DB52A00CAB0BB /* scanner.l in Sources */ = {isa = PBXBuildFile; fileRef = 96EA45FF2E9DB52A00CAB0BB /* scanner.l */; };
		96EA46022E9DB5A200CAB0BB /* grammar.y in Sources */ = {isa = PBXBuildFile; fileRef = 96EA46012E9DB5A200CAB0BB /* grammar.y */; };
/* End PBXBuildFile section */

/* Begin PBXBuildRule section */
		96EA46032E9DB93200CAB0BB /* PBXBuildRule */ = {
			isa = PBXBuildRule;
			compilerSpec = com.apple.compilers.proxy.script;
			filePatterns = "*.l";
			fileType = pattern.proxy;
			inputFiles = (
				"$(DERIVED_FILE_DIR)/grammar.tab.h",
			);
			isEditable = 1;
			outputFiles = (
				"$(DERIVED_FILE_DIR)/lex.yy.c",
			);
			script = "cd \"$DERIVED_FILE_DIR\"\n~/source/bin/lexer -o lex.yy.c $INPUT_FILE_PATH\n";
		};
		96EA46042E9DB95200CAB0BB /* PBXBuildRule */ = {
			isa = PBXBuildRule;
			compilerSpec = com.apple.compilers.proxy.script;
			filePatterns = "*.y";
			fileType = pattern.proxy;
			inputFiles = (
			);
			isEditable = 1;
			outputFiles = (
				"$(DERIVED_FILE_DIR)/grammar.tab.h",
				"$(DERIVED_FILE_DIR)/grammar.tab.c",
			);
			script = "cd \"$DERIVED_FILE_DIR\"\n~/source/bin/parse -d $INPUT_FILE_PATH\n";
		};
/* End PBXBuildRule section */

/* Begin PBXContainerItemProxy section */
		96EA45ED2E9DAC2B00CAB0BB /* PBXContainerItemProxy */ = {
			isa = PBXContainerItemProxy;
			containerPortal = 96EA45C62E9D9D2800CAB0BB /* Project object */;
			proxyType = 1;
			remoteGlobalIDString = 96EA45CD2E9D9D2800CAB0BB;
			remoteInfo = IslandJSON;
		};
/* End PBXContainerItemProxy section */

/* Begin PBXCopyFilesBuildPhase section */
		96EA45DE2E9DAB2F00CAB0BB /* CopyFiles */ = {
			isa = PBXCopyFilesBuildPhase;
			buildActionMask = 2147483647;
			dstPath = /usr/share/man/man1/;
			dstSubfolderSpec = 0;
			files = (
			);
			runOnlyForDeploymentPostprocessing = 1;
		};
		96EA45F02E9DAD9200CAB0BB /* Embed Libraries */ = {
			isa = PBXCopyFilesBuildPhase;
			buildActionMask = 2147483647;
			dstPath = "";
			dstSubfolderSpec = 10;
			files = (
				96EA45EF2E9DAD9200CAB0BB /* libIslandJSON.dylib in Embed Libraries */,
			);
			name = "Embed Libraries";
			runOnlyForDeploymentPostprocessing = 0;
		};
/* End PBXCopyFilesBuildPhase section */

/* Begin PBXFileReference section */
		96EA45CE2E9D9D2800CAB0BB /* libIslandJSON.dylib */ = {isa = PBXFileReference; explicitFileType = "compiled.mach-o.dylib"; includeInIndex = 0; path = libIslandJSON.dylib; sourceTree = BUILT_PRODUCTS_DIR; };
		96EA45D72E9D9F3800CAB0BB /* json.h */ = {isa = PBXFileReference; lastKnownFileType = sourcecode.c.h; path = json.h; sourceTree = "<group>"; };
		96EA45D82E9DA74900CAB0BB /* json.c */ = {isa = PBXFileReference; lastKnownFileType = sourcecode.c.c; path = json.c; sourceTree = "<group>"; };
		96EA45D92E9DA78300CAB0BB /* internal.h */ = {isa = PBXFileReference; lastKnownFileType = sourcecode.c.h; path = internal.h; sourceTree = "<group>"; };
		96EA45DB2E9DA94000CAB0BB /* .gitignore */ = {isa = PBXFileReference; lastKnownFileType = text; path = .gitignore; sourceTree = "<group>"; };
		96EA45E02E9DAB2F00CAB0BB /* test */ = {isa = PBXFileReference; explicitFileType = "compiled.mach-o.executable"; includeInIndex = 0; path = test; sourceTree = BUILT_PRODUCTS_DIR; };
		96EA45E72E9DAB3700CAB0BB /* main.c */ = {isa = PBXFileReference; lastKnownFileType = sourcecode.c.c; path = main.c; sourceTree = "<group>"; };
		96EA45EA2E9DAB7B00CAB0BB /* test.json */ = {isa = PBXFileReference; lastKnownFileType = text.json; path = test.json; sourceTree = "<group>"; };
		96EA45F32E9DB22A00CAB0BB /* ustring.h */ = {isa = PBXFileReference; lastKnownFileType = sourcecode.c.h; path = ustring.h; sourceTree = "<group>"; };
		96EA45F52E9DB2F600CAB0BB /* ustring.c */ = {isa = PBXFileReference; lastKnownFileType = sourcecode.c.c; path = ustring.c; sourceTree = "<group>"; };
		96EA45F72E9DB31300CAB0BB /* escape.c */ = {isa = PBXFileReference; lastKnownFileType = sourcecode.c.c; path = escape.c; sourceTree = "<group>"; };
		96EA45F92E9DB32700CAB0BB /* decode.c */ = {isa = PBXFileReference; lastKnownFileType = sourcecode.c.c; path = decode.c; sourceTree = "<group>"; };
		96EA45FB2E9DB34A00CAB0BB /* printing.c */ = {isa = PBXFileReference; lastKnownFileType = sourcecode.c.c; path = printing.c; sourceTree = "<group>"; };
		96EA45FF2E9DB52A00CAB0BB /* scanner.l */ = {isa = PBXFileReference; lastKnownFileType = sourcecode.lex; path = scanner.l; sourceTree = "<group>"; };
		96EA46012E9DB5A200CAB0BB /* grammar.y */ = {isa = PBXFileReference; lastKnownFileType = sourcecode.yacc; path = grammar.y; sourceTree = "<group>"; };
		96EA46052E9DC94900CAB0BB /* readme.md */ = {isa = PBXFileReference; lastKnownFileType = net.daringfireball.markdown; path = readme.md; sourceTree = "<group>"; };
/* End PBXFileReference section */

/* Begin PBXFrameworksBuildPhase section */
		96EA45CC2E9D9D2800CAB0BB /* Frameworks */ = {
			isa = PBXFrameworksBuildPhase;
			buildActionMask = 2147483647;
			files = (
			);
			runOnlyForDeploymentPostprocessing = 0;
		};
		96EA45DD2E9DAB2F00CAB0BB /* Frameworks */ = {
			isa = PBXFrameworksBuildPhase;
			buildActionMask = 2147483647;
			files = (
				96EA45EC2E9DABFA00CAB0BB /* libIslandJSON.dylib in Frameworks */,
			);
			runOnlyForDeploymentPostprocessing = 0;
		};
/* End PBXFrameworksBuildPhase section */

/* Begin PBXGroup section */
		96EA45C52E9D9D2800CAB0BB = {
			isa = PBXGroup;
			children = (
				96EA46052E9DC94900CAB0BB /* readme.md */,
				96EA45EB2E9DABFA00CAB0BB /* Frameworks */,
				96EA45DB2E9DA94000CAB0BB /* .gitignore */,
				96EA45D62E9D9D4E00CAB0BB /* include */,
				96EA45D52E9D9D4700CAB0BB /* src */,
				96EA45FE2E9DB50700CAB0BB /* parser */,
				96EA45E82E9DAB3700CAB0BB /* test */,
				96EA45CF2E9D9D2800CAB0BB /* Products */,
			);
			sourceTree = "<group>";
		};
		96EA45CF2E9D9D2800CAB0BB /* Products */ = {
			isa = PBXGroup;
			children = (
				96EA45CE2E9D9D2800CAB0BB /* libIslandJSON.dylib */,
				96EA45E02E9DAB2F00CAB0BB /* test */,
			);
			name = Products;
			sourceTree = "<group>";
		};
		96EA45D52E9D9D4700CAB0BB /* src */ = {
			isa = PBXGroup;
			children = (
				96EA45D92E9DA78300CAB0BB /* internal.h */,
				96EA45F32E9DB22A00CAB0BB /* ustring.h */,
				96EA45D82E9DA74900CAB0BB /* json.c */,
				96EA45F52E9DB2F600CAB0BB /* ustring.c */,
				96EA45F72E9DB31300CAB0BB /* escape.c */,
				96EA45F92E9DB32700CAB0BB /* decode.c */,
				96EA45FB2E9DB34A00CAB0BB /* printing.c */,
			);
			path = src;
			sourceTree = "<group>";
		};
		96EA45D62E9D9D4E00CAB0BB /* include */ = {
			isa = PBXGroup;
			children = (
				96EA45D72E9D9F3800CAB0BB /* json.h */,
			);
			path = include;
			sourceTree = "<group>";
		};
		96EA45E82E9DAB3700CAB0BB /* test */ = {
			isa = PBXGroup;
			children = (
				96EA45EA2E9DAB7B00CAB0BB /* test.json */,
				96EA45E72E9DAB3700CAB0BB /* main.c */,
			);
			path = test;
			sourceTree = "<group>";
		};
		96EA45EB2E9DABFA00CAB0BB /* Frameworks */ = {
			isa = PBXGroup;
			children = (
			);
			name = Frameworks;
			sourceTree = "<group>";
		};
		96EA45FE2E9DB50700CAB0BB /* parser */ = {
			isa = PBXGroup;
			children = (
				96EA45FF2E9DB52A00CAB0BB /* scanner.l */,
				96EA46012E9DB5A200CAB0BB /* grammar.y */,
			);
			path = parser;
			sourceTree = "<group>";
		};
/* End PBXGroup section */

/* Begin PBXHeadersBuildPhase section */
		96EA45CA2E9D9D2800CAB0BB /* Headers */ = {
			isa = PBXHeadersBuildPhase;
			buildActionMask = 2147483647;
			files = (
				96EA45F22E9DAE3700CAB0BB /* json.h in Headers */,
				96EA45FD2E9DB4F600CAB0BB /* internal.h in Headers */,
				96EA45F42E9DB22E00CAB0BB /* ustring.h in Headers */,
			);
			runOnlyForDeploymentPostprocessing = 0;
		};
/* End PBXHeadersBuildPhase section */

/* Begin PBXNativeTarget section */
		96EA45CD2E9D9D2800CAB0BB /* IslandJSON */ = {
			isa = PBXNativeTarget;
			buildConfigurationList = 96EA45D22E9D9D2800CAB0BB /* Build configuration list for PBXNativeTarget "IslandJSON" */;
			buildPhases = (
				96EA45CA2E9D9D2800CAB0BB /* Headers */,
				96EA45CB2E9D9D2800CAB0BB /* Sources */,
				96EA45CC2E9D9D2800CAB0BB /* Frameworks */,
			);
			buildRules = (
				96EA46032E9DB93200CAB0BB /* PBXBuildRule */,
				96EA46042E9DB95200CAB0BB /* PBXBuildRule */,
			);
			dependencies = (
			);
			name = IslandJSON;
			packageProductDependencies = (
			);
			productName = IslandJSON;
			productReference = 96EA45CE2E9D9D2800CAB0BB /* libIslandJSON.dylib */;
			productType = "com.apple.product-type.library.dynamic";
		};
		96EA45DF2E9DAB2F00CAB0BB /* test */ = {
			isa = PBXNativeTarget;
			buildConfigurationList = 96EA45E42E9DAB2F00CAB0BB /* Build configuration list for PBXNativeTarget "test" */;
			buildPhases = (
				96EA45DC2E9DAB2F00CAB0BB /* Sources */,
				96EA45DD2E9DAB2F00CAB0BB /* Frameworks */,
				96EA45DE2E9DAB2F00CAB0BB /* CopyFiles */,
				96EA45F02E9DAD9200CAB0BB /* Embed Libraries */,
			);
			buildRules = (
			);
			dependencies = (
				96EA45EE2E9DAC2B00CAB0BB /* PBXTargetDependency */,
			);
			name = test;
			packageProductDependencies = (
			);
			productName = test;
			productReference = 96EA45E02E9DAB2F00CAB0BB /* test */;
			productType = "com.apple.product-type.tool";
		};
/* End PBXNativeTarget section */

/* Begin PBXProject section */
		96EA45C62E9D9D2800CAB0BB /* Project object */ = {
			isa = PBXProject;
			attributes = {
				BuildIndependentTargetsInParallel = 1;
				LastUpgradeCheck = 2600;
				TargetAttributes = {
					96EA45CD2E9D9D2800CAB0BB = {
						CreatedOnToolsVersion = 26.0.1;
					};
					96EA45DF2E9DAB2F00CAB0BB = {
						CreatedOnToolsVersion = 26.0.1;
					};
				};
			};
			buildConfigurationList = 96EA45C92E9D9D2800CAB0BB /* Build configuration list for PBXProject "IslandJSON" */;
			developmentRegion = en;
			hasScannedForEncodings = 0;
			knownRegions = (
				en,
				Base,
			);
			mainGroup = 96EA45C52E9D9D2800CAB0BB;
			minimizedProjectReferenceProxies = 1;
			preferredProjectObjectVersion = 77;
			productRefGroup = 96EA45CF2E9D9D2800CAB0BB /* Products */;
			projectDirPath = "";
			projectRoot = "";
			targets = (
				96EA45CD2E9D9D2800CAB0BB /* IslandJSON */,
				96EA45DF2E9DAB2F00CAB0BB /* test */,
			);
		};
/* End PBXProject section */

/* Begin PBXSourcesBuildPhase section */
		96EA45CB2E9D9D2800CAB0BB /* Sources */ = {
			isa = PBXSourcesBuildPhase;
			buildActionMask = 2147483647;
			files = (
				96EA46022E9DB5A200CAB0BB /* grammar.y in Sources */,
				96EA46002E9DB52A00CAB0BB /* scanner.l in Sources */,
				96EA45F62E9DB2FB00CAB0BB /* ustring.c in Sources */,
				96EA45FA2E9DB32700CAB0BB /* decode.c in Sources */,
				96EA45FC2E9DB34A00CAB0BB /* printing.c in Sources */,
				96EA45F82E9DB31300CAB0BB /* escape.c in Sources */,
				96EA45F12E9DAE2B00CAB0BB /* json.c in Sources */,
			);
			runOnlyForDeploymentPostprocessing = 0;
		};
		96EA45DC2E9DAB2F00CAB0BB /* Sources */ = {
			isa = PBXSourcesBuildPhase;
			buildActionMask = 2147483647;
			files = (
				96EA45E92E9DAB3700CAB0BB /* main.c in Sources */,
			);
			runOnlyForDeploymentPostprocessing = 0;
		};
/* End PBXSourcesBuildPhase section */

/* Begin PBXTargetDependency section */
		96EA45EE2E9DAC2B00CAB0BB /* PBXTargetDependency */ = {
			isa = PBXTargetDependency;
			target = 96EA45CD2E9D9D2800CAB0BB /* IslandJSON */;
			targetProxy = 96EA45ED2E9DAC2B00CAB0BB /* PBXContainerItemProxy */;
		};
/* End PBXTargetDependency section */

/* Begin XCBuildConfiguration section */
		96EA45D02E9D9D2800CAB0BB /* Debug */ = {
			isa = XCBuildConfiguration;
			buildSettings = {
				ALWAYS_SEARCH_USER_PATHS = NO;
				ASSETCATALOG_COMPILER_GENERATE_SWIFT_ASSET_SYMBOL_EXTENSIONS = YES;
				CLANG_ANALYZER_NONNULL = YES;
				CLANG_ANALYZER_NUMBER_OBJECT_CONVERSION = YES_AGGRESSIVE;
				CLANG_CXX_LANGUAGE_STANDARD = "gnu++20";
				CLANG_ENABLE_MODULES = YES;
				CLANG_ENABLE_OBJC_ARC = YES;
				CLANG_ENABLE_OBJC_WEAK = YES;
				CLANG_WARN_BLOCK_CAPTURE_AUTORELEASING = YES;
				CLANG_WARN_BOOL_CONVERSION = YES;
				CLANG_WARN_COMMA = YES;
				CLANG_WARN_CONSTANT_CONVERSION = YES;
				CLANG_WARN_DEPRECATED_OBJC_IMPLEMENTATIONS = YES;
				CLANG_WARN_DIRECT_OBJC_ISA_USAGE = YES_ERROR;
				CLANG_WARN_DOCUMENTATION_COMMENTS = YES;
				CLANG_WARN_EMPTY_BODY = YES;
				CLANG_WARN_ENUM_CONVERSION = YES;
				CLANG_WARN_INFINITE_RECURSION = YES;
				CLANG_WARN_INT_CONVERSION = YES;
				CLANG_WARN_NON_LITERAL_NULL_CONVERSION = YES;
				CLANG_WARN_OBJC_IMPLICIT_RETAIN_SELF = YES;
				CLANG_WARN_OBJC_LITERAL_CONVERSION = YES;
				CLANG_WARN_OBJC_ROOT_CLASS = YES_ERROR;
				CLANG_WARN_QUOTED_INCLUDE_IN_FRAMEWORK_HEADER = YES;
				CLANG_WARN_RANGE_LOOP_ANALYSIS = YES;
				CLANG_WARN_STRICT_PROTOTYPES = YES;
				CLANG_WARN_SUSPICIOUS_MOVE = YES;
				CLANG_WARN_UNGUARDED_AVAILABILITY = YES_AGGRESSIVE;
				CLANG_WARN_UNREACHABLE_CODE = YES;
				CLANG_WARN__DUPLICATE_METHOD_MATCH = YES;
				COPY_PHASE_STRIP = NO;
				DEBUG_INFORMATION_FORMAT = dwarf;
				ENABLE_STRICT_OBJC_MSGSEND = YES;
				ENABLE_TESTABILITY = YES;
				ENABLE_USER_SCRIPT_SANDBOXING = YES;
				GCC_C_LANGUAGE_STANDARD = gnu17;
				GCC_DYNAMIC_NO_PIC = NO;
				GCC_NO_COMMON_BLOCKS = YES;
				GCC_OPTIMIZATION_LEVEL = 0;
				GCC_PREPROCESSOR_DEFINITIONS = (
					"DEBUG=1",
					"$(inherited)",
				);
				GCC_WARN_64_TO_32_BIT_CONVERSION = YES;
				GCC_WARN_ABOUT_RETURN_TYPE = YES_ERROR;
				GCC_WARN_UNDECLARED_SELECTOR = YES;
				GCC_WARN_UNINITIALIZED_AUTOS = YES_AGGRESSIVE;
				GCC_WARN_UNUSED_FUNCTION = YES;
				GCC_WARN_UNUSED_VARIABLE = YES;
				LOCALIZATION_PREFERS_STRING_CATALOGS = YES;
				MACOSX_DEPLOYMENT_TARGET = 26.0;
				MTL_ENABLE_DEBUG_INFO = INCLUDE_SOURCE;
				MTL_FAST_MATH = YES;
				ONLY_ACTIVE_ARCH = YES;
				SDKROOT = macosx;
			};
			name = Debug;
		};
		96EA45D12E9D9D2800CAB0BB /* Release */ = {
			isa = XCBuildConfiguration;
			buildSettings = {
				ALWAYS_SEARCH_USER_PATHS = NO;
				ASSETCATALOG_COMPILER_GENERATE_SWIFT_ASSET_SYMBOL_EXTENSIONS = YES;
				CLANG_ANALYZER_NONNULL = YES;
				CLANG_ANALYZER_NUMBER_OBJECT_CONVERSION = YES_AGGRESSIVE;
				CLANG_CXX_LANGUAGE_STANDARD = "gnu++20";
				CLANG_ENABLE_MODULES = YES;
				CLANG_ENABLE_OBJC_ARC = YES;
				CLANG_ENABLE_OBJC_WEAK = YES;
				CLANG_WARN_BLOCK_CAPTURE_AUTORELEASING = YES;
				CLANG_WARN_BOOL_CONVERSION = YES;
				CLANG_WARN_COMMA = YES;
				CLANG_WARN_CONSTANT_CONVERSION = YES;
				CLANG_WARN_DEPRECATED_OBJC_IMPLEMENTATIONS = YES;
				CLANG_WARN_DIRECT_OBJC_ISA_USAGE = YES_ERROR;
				CLANG_WARN_DOCUMENTATION_COMMENTS = YES;
				CLANG_WARN_EMPTY_BODY = YES;
				CLANG_WARN_ENUM_CONVERSION = YES;
				CLANG_WARN_INFINITE_RECURSION = YES;
				CLANG_WARN_INT_CONVERSION = YES;
				CLANG_WARN_NON_LITERAL_NULL_CONVERSION = YES;
				CLANG_WARN_OBJC_IMPLICIT_RETAIN_SELF = YES;
				CLANG_WARN_OBJC_LITERAL_CONVERSION = YES;
				CLANG_WARN_OBJC_ROOT_CLASS = YES_ERROR;
				CLANG_WARN_QUOTED_INCLUDE_IN_FRAMEWORK_HEADER = YES;
				CLANG_WARN_RANGE_LOOP_ANALYSIS = YES;
				CLANG_WARN_STRICT_PROTOTYPES = YES;
				CLANG_WARN_SUSPICIOUS_MOVE = YES;
				CLANG_WARN_UNGUARDED_AVAILABILITY = YES_AGGRESSIVE;
				CLANG_WARN_UNREACHABLE_CODE = YES;
				CLANG_WARN__DUPLICATE_METHOD_MATCH = YES;
				COPY_PHASE_STRIP = NO;
				DEBUG_INFORMATION_FORMAT = "dwarf-with-dsym";
				ENABLE_NS_ASSERTIONS = NO;
				ENABLE_STRICT_OBJC_MSGSEND = YES;
				ENABLE_USER_SCRIPT_SANDBOXING = YES;
				GCC_C_LANGUAGE_STANDARD = gnu17;
				GCC_NO_COMMON_BLOCKS = YES;
				GCC_WARN_64_TO_32_BIT_CONVERSION = YES;
				GCC_WARN_ABOUT_RETURN_TYPE = YES_ERROR;
				GCC_WARN_UNDECLARED_SELECTOR = YES;
				GCC_WARN_UNINITIALIZED_AUTOS = YES_AGGRESSIVE;
				GCC_WARN_UNUSED_FUNCTION = YES;
				GCC_WARN_UNUSED_VARIABLE = YES;
				LOCALIZATION_PREFERS_STRING_CATALOGS = YES;
				MACOSX_DEPLOYMENT_TARGET = 26.0;
				MTL_ENABLE_DEBUG_INFO = NO;
				MTL_FAST_MATH = YES;
				SDKROOT = macosx;
			};
			name = Release;
		};
		96EA45D32E9D9D2800CAB0BB /* Debug */ = {
			isa = XCBuildConfiguration;
			buildSettings = {
				CODE_SIGN_STYLE = Automatic;
				DYLIB_COMPATIBILITY_VERSION = 1;
				DYLIB_CURRENT_VERSION = 1;
				EXECUTABLE_PREFIX = lib;
				PRODUCT_NAME = "$(TARGET_NAME)";
				SKIP_INSTALL = YES;
			};
			name = Debug;
		};
		96EA45D42E9D9D2800CAB0BB /* Release */ = {
			isa = XCBuildConfiguration;
			buildSettings = {
				CODE_SIGN_STYLE = Automatic;
				DYLIB_COMPATIBILITY_VERSION = 1;
				DYLIB_CURRENT_VERSION = 1;
				EXECUTABLE_PREFIX = lib;
				PRODUCT_NAME = "$(TARGET_NAME)";
				SKIP_INSTALL = YES;
			};
			name = Release;
		};
		96EA45E52E9DAB2F00CAB0BB /* Debug */ = {
			isa = XCBuildConfiguration;
			buildSettings = {
				CODE_SIGN_STYLE = Automatic;
				PRODUCT_NAME = "$(TARGET_NAME)";
			};
			name = Debug;
		};
		96EA45E62E9DAB2F00CAB0BB /* Release */ = {
			isa = XCBuildConfiguration;
			buildSettings = {
				CODE_SIGN_STYLE = Automatic;
				PRODUCT_NAME = "$(TARGET_NAME)";
			};
			name = Release;
		};
/* End XCBuildConfiguration section */

/* Begin XCConfigurationList section */
		96EA45C92E9D9D2800CAB0BB /* Build configuration list for PBXProject "IslandJSON" */ = {
			isa = XCConfigurationList;
			buildConfigurations = (
				96EA45D02E9D9D2800CAB0BB /* Debug */,
				96EA45D12E9D9D2800CAB0BB /* Release */,
			);
			defaultConfigurationIsVisible = 0;
			defaultConfigurationName = Release;
		};
		96EA45D22E9D9D2800CAB0BB /* Build configuration list for PBXNativeTarget "IslandJSON" */ = {
			isa = XCConfigurationList;
			buildConfigurations = (
				96EA45D32E9D9D2800CAB0BB /* Debug */,
				96EA45D42E9D9D2800CAB0BB /* Release */,
			);
			defaultConfigurationIsVisible = 0;
			defaultConfigurationName = Release;
		};
		96EA45E42E9DAB2F00CAB0BB /* Build configuration list for PBXNativeTarget "test" */ = {
			isa = XCConfigurationList;
			buildConfigurations = (
				96EA45E52E9DAB2F00CAB0BB /* Debug */,
				96EA45E62E9DAB2F00CAB0BB /* Release */,
			);
			defaultConfigurationIsVisible = 0;
			defaultConfigurationName = Release;
		};
/* End XCConfigurationList section */
	};
	rootObject = 96EA45C62E9D9D2800CAB0BB /* Project object */;
}
